
Microsoft Visual Studio Solution File, Format Version 12.00
# Visual Studio Version 17
VisualStudioVersion = 17.5.33502.453
MinimumVisualStudioVersion = 10.0.40219.1
Project("{888888A0-9F3D-457C-B088-3A5042F75D52}") = "variables", "variables.pyproj", "{13E2AE64-68C2-421E-BAAC-44A4D63694B8}"
EndProject
Global
	GlobalSection(SolutionConfigurationPlatforms) = preSolution
		Debug|Any CPU = Debug|Any CPU
		Release|Any CPU = Release|Any CPU
	EndGlobalSection
	GlobalSection(ProjectConfigurationPlatforms) = postSolution
		{13E2AE64-68C2-421E-BAAC-44A4D63694B8}.Debug|Any CPU.ActiveCfg = Debug|Any CPU
		{13E2AE64-68C2-421E-BAAC-44A4D63694B8}.Release|Any CPU.ActiveCfg = Release|Any CPU
	EndGlobalSection
	GlobalSection(SolutionProperties) = preSolution
		HideSolutionNode = FALSE
	EndGlobalSection
	GlobalSection(ExtensibilityGlobals) = postSolution
		SolutionGuid = {BCE06E58-C25E-4667-97AF-45E3BCA35904}
	EndGlobalSection
EndGlobal
